
Microsoft Visual Studio Solution File, Format Version 12.00
# Visual Studio Version 16
VisualStudioVersion = 16.0.30611.23
MinimumVisualStudioVersion = 10.0.40219.1
Project("{2150E333-8FDC-42A3-9474-1A3956D46DE8}") = "APIs", "APIs", "{C737A703-5A72-4A5B-B3E3-2CD7292191B8}"
EndProject
Project("{9A19103F-16F7-4668-BE54-9A1E7A4F7556}") = "API.Taxas", "API.Taxas\API.Taxas.csproj", "{342DF754-E23B-4373-9E82-027EE2C23CF5}"
EndProject
Project("{2150E333-8FDC-42A3-9474-1A3956D46DE8}") = "Tests", "Tests", "{FC591EE8-1460-4C51-A635-D6EF4BBECD39}"
EndProject
Project("{9A19103F-16F7-4668-BE54-9A1E7A4F7556}") = "API.Calculo", "API.Calculo\API.Calculo.csproj", "{5CEA45CF-AA2F-4604-88BC-BA49D95FAAEB}"
EndProject
Project("{9A19103F-16F7-4668-BE54-9A1E7A4F7556}") = "API.Calculo.Test", "API.Calculo.Test\API.Calculo.Test.csproj", "{2588FCCC-CE61-4D8C-A36D-71B3B1B1DE8A}"
EndProject
Global
	GlobalSection(SolutionConfigurationPlatforms) = preSolution
		Debug|Any CPU = Debug|Any CPU
		Release|Any CPU = Release|Any CPU
	EndGlobalSection
	GlobalSection(ProjectConfigurationPlatforms) = postSolution
		{342DF754-E23B-4373-9E82-027EE2C23CF5}.Debug|Any CPU.ActiveCfg = Debug|Any CPU
		{342DF754-E23B-4373-9E82-027EE2C23CF5}.Debug|Any CPU.Build.0 = Debug|Any CPU
		{342DF754-E23B-4373-9E82-027EE2C23CF5}.Release|Any CPU.ActiveCfg = Release|Any CPU
		{342DF754-E23B-4373-9E82-027EE2C23CF5}.Release|Any CPU.Build.0 = Release|Any CPU
		{5CEA45CF-AA2F-4604-88BC-BA49D95FAAEB}.Debug|Any CPU.ActiveCfg = Debug|Any CPU
		{5CEA45CF-AA2F-4604-88BC-BA49D95FAAEB}.Debug|Any CPU.Build.0 = Debug|Any CPU
		{5CEA45CF-AA2F-4604-88BC-BA49D95FAAEB}.Release|Any CPU.ActiveCfg = Release|Any CPU
		{5CEA45CF-AA2F-4604-88BC-BA49D95FAAEB}.Release|Any CPU.Build.0 = Release|Any CPU
		{2588FCCC-CE61-4D8C-A36D-71B3B1B1DE8A}.Debug|Any CPU.ActiveCfg = Debug|Any CPU
		{2588FCCC-CE61-4D8C-A36D-71B3B1B1DE8A}.Debug|Any CPU.Build.0 = Debug|Any CPU
		{2588FCCC-CE61-4D8C-A36D-71B3B1B1DE8A}.Release|Any CPU.ActiveCfg = Release|Any CPU
		{2588FCCC-CE61-4D8C-A36D-71B3B1B1DE8A}.Release|Any CPU.Build.0 = Release|Any CPU
	EndGlobalSection
	GlobalSection(SolutionProperties) = preSolution
		HideSolutionNode = FALSE
	EndGlobalSection
	GlobalSection(NestedProjects) = preSolution
		{342DF754-E23B-4373-9E82-027EE2C23CF5} = {C737A703-5A72-4A5B-B3E3-2CD7292191B8}
		{5CEA45CF-AA2F-4604-88BC-BA49D95FAAEB} = {C737A703-5A72-4A5B-B3E3-2CD7292191B8}
		{2588FCCC-CE61-4D8C-A36D-71B3B1B1DE8A} = {FC591EE8-1460-4C51-A635-D6EF4BBECD39}
	EndGlobalSection
	GlobalSection(ExtensibilityGlobals) = postSolution
		SolutionGuid = {E9646CB8-3C5D-463B-816A-F1EA283CBCE7}
	EndGlobalSection
EndGlobal
